
Microsoft Visual Studio Solution File, Format Version 12.00
# Visual Studio Version 16
VisualStudioVersion = 16.0.31605.320
MinimumVisualStudioVersion = 10.0.40219.1
Project("{FAE04EC0-301F-11D3-BF4B-00C04F79EFBC}") = "SampleAPI", "SampleAPI\SampleAPI.csproj", "{041DFB72-0C9A-44C6-9B64-C95AF8A307E0}"
EndProject
Global
	GlobalSection(SolutionConfigurationPlatforms) = preSolution
		Debug|Any CPU = Debug|Any CPU
		Release|Any CPU = Release|Any CPU
	EndGlobalSection
	GlobalSection(ProjectConfigurationPlatforms) = postSolution
		{041DFB72-0C9A-44C6-9B64-C95AF8A307E0}.Debug|Any CPU.ActiveCfg = Debug|Any CPU
		{041DFB72-0C9A-44C6-9B64-C95AF8A307E0}.Debug|Any CPU.Build.0 = Debug|Any CPU
		{041DFB72-0C9A-44C6-9B64-C95AF8A307E0}.Release|Any CPU.ActiveCfg = Release|Any CPU
		{041DFB72-0C9A-44C6-9B64-C95AF8A307E0}.Release|Any CPU.Build.0 = Release|Any CPU
	EndGlobalSection
	GlobalSection(SolutionProperties) = preSolution
		HideSolutionNode = FALSE
	EndGlobalSection
	GlobalSection(ExtensibilityGlobals) = postSolution
		SolutionGuid = {34B7785A-90B3-4324-8C42-8FFFEE94572D}
	EndGlobalSection
EndGlobal
